
Microsoft Visual Studio Solution File, Format Version 12.00
# Visual Studio Version 17
VisualStudioVersion = 17.12.35707.178
MinimumVisualStudioVersion = 10.0.40219.1
Project("{FAE04EC0-301F-11D3-BF4B-00C04F79EFBC}") = "capaPresentacion", "capaPresentacion.csproj", "{2C15F108-C08D-4FA5-BEFA-21AF8B2A7457}"
EndProject
Project("{FAE04EC0-301F-11D3-BF4B-00C04F79EFBC}") = "capaNegocio", "..\..\source\repos\capaNegocio\capaNegocio.csproj", "{3ED0EF8A-58CD-4390-AEF7-C0C2BF23488A}"
EndProject
Project("{FAE04EC0-301F-11D3-BF4B-00C04F79EFBC}") = "capadeDatos", "..\..\source\repos\capadeDatos\capadeDatos.csproj", "{226576CF-2058-4119-8233-3C76551D112D}"
EndProject
Global
	GlobalSection(SolutionConfigurationPlatforms) = preSolution
		Debug|Any CPU = Debug|Any CPU
		Release|Any CPU = Release|Any CPU
	EndGlobalSection
	GlobalSection(ProjectConfigurationPlatforms) = postSolution
		{2C15F108-C08D-4FA5-BEFA-21AF8B2A7457}.Debug|Any CPU.ActiveCfg = Debug|Any CPU
		{2C15F108-C08D-4FA5-BEFA-21AF8B2A7457}.Debug|Any CPU.Build.0 = Debug|Any CPU
		{2C15F108-C08D-4FA5-BEFA-21AF8B2A7457}.Release|Any CPU.ActiveCfg = Release|Any CPU
		{2C15F108-C08D-4FA5-BEFA-21AF8B2A7457}.Release|Any CPU.Build.0 = Release|Any CPU
		{3ED0EF8A-58CD-4390-AEF7-C0C2BF23488A}.Debug|Any CPU.ActiveCfg = Debug|Any CPU
		{3ED0EF8A-58CD-4390-AEF7-C0C2BF23488A}.Debug|Any CPU.Build.0 = Debug|Any CPU
		{3ED0EF8A-58CD-4390-AEF7-C0C2BF23488A}.Release|Any CPU.ActiveCfg = Release|Any CPU
		{3ED0EF8A-58CD-4390-AEF7-C0C2BF23488A}.Release|Any CPU.Build.0 = Release|Any CPU
		{226576CF-2058-4119-8233-3C76551D112D}.Debug|Any CPU.ActiveCfg = Debug|Any CPU
		{226576CF-2058-4119-8233-3C76551D112D}.Debug|Any CPU.Build.0 = Debug|Any CPU
		{226576CF-2058-4119-8233-3C76551D112D}.Release|Any CPU.ActiveCfg = Release|Any CPU
		{226576CF-2058-4119-8233-3C76551D112D}.Release|Any CPU.Build.0 = Release|Any CPU
	EndGlobalSection
	GlobalSection(SolutionProperties) = preSolution
		HideSolutionNode = FALSE
	EndGlobalSection
EndGlobal
